
Microsoft Visual Studio Solution File, Format Version 12.00
# Visual Studio Version 16
VisualStudioVersion = 16.0.28803.202
MinimumVisualStudioVersion = 10.0.40219.1
Project("{FAE04EC0-301F-11D3-BF4B-00C04F79EFBC}") = "MyLib", "MyLib.csproj", "{7435DF70-2FC5-46CD-BCA2-19A306A7ECBC}"
EndProject
Global
	GlobalSection(SolutionConfigurationPlatforms) = preSolution
		Debug|Any CPU = Debug|Any CPU
		Release|Any CPU = Release|Any CPU
	EndGlobalSection
	GlobalSection(ProjectConfigurationPlatforms) = postSolution
		{7435DF70-2FC5-46CD-BCA2-19A306A7ECBC}.Debug|Any CPU.ActiveCfg = Debug|Any CPU
		{7435DF70-2FC5-46CD-BCA2-19A306A7ECBC}.Debug|Any CPU.Build.0 = Debug|Any CPU
		{7435DF70-2FC5-46CD-BCA2-19A306A7ECBC}.Release|Any CPU.ActiveCfg = Release|Any CPU
		{7435DF70-2FC5-46CD-BCA2-19A306A7ECBC}.Release|Any CPU.Build.0 = Release|Any CPU
	EndGlobalSection
	GlobalSection(SolutionProperties) = preSolution
		HideSolutionNode = FALSE
	EndGlobalSection
	GlobalSection(ExtensibilityGlobals) = postSolution
		SolutionGuid = {AA7F947D-AD52-4CE8-899F-354EF64A9D5F}
	EndGlobalSection
EndGlobal
